
Microsoft Visual Studio Solution File, Format Version 12.00
# Visual Studio 2012
Project("{159641D6-6404-4A2A-AE62-294DE0FE8301}") = "etl", "etl\etl.dtproj", "{3ACB38A8-6713-4CBF-AB5C-FFE1D6459247}"
EndProject
Global
	GlobalSection(SolutionConfigurationPlatforms) = preSolution
		Development|Default = Development|Default
	EndGlobalSection
	GlobalSection(ProjectConfigurationPlatforms) = postSolution
		{3ACB38A8-6713-4CBF-AB5C-FFE1D6459247}.Development|Default.ActiveCfg = Development
		{3ACB38A8-6713-4CBF-AB5C-FFE1D6459247}.Development|Default.Build.0 = Development
	EndGlobalSection
	GlobalSection(SolutionProperties) = preSolution
		HideSolutionNode = FALSE
	EndGlobalSection
EndGlobal
